{
  "name": "dhx-gridpack-package",
  "version": "8.4.6",
  "lockfileVersion": 3,
  "requires": true,
  "packages": {
    "": {
      "name": "dhx-gridpack-package",
      "version": "8.4.6",
      "dependencies": {
        "dhx-gridpack-package": "file:"
      }
    },
    "node_modules/dhx-gridpack-package": {
      "resolved": "",
      "link": true
    }
  }
}
